<?xml version="1.0" encoding="utf-8"?>
<Project ToolsVersion="4.0" xmlns="http://schemas.microsoft.com/developer/msbuild/2003">
  <ItemGroup>
    <Filter Include="Source Files">
      <UniqueIdentifier>{4FC737F1-C7A5-4376-A066-2A32D752A2FF}</UniqueIdentifier>
      <Extensions>cpp;c;cc;cxx;c++;cppm;ixx;def;odl;idl;hpj;bat;asm;asmx</Extensions>
    </Filter>
    <Filter Include="Header Files">
      <UniqueIdentifier>{93995380-89BD-4b04-88EB-625FBE52EBFB}</UniqueIdentifier>
      <Extensions>h;hh;hpp;hxx;h++;hm;inl;inc;ipp;xsd</Extensions>
    </Filter>
    <Filter Include="Resource Files">
      <UniqueIdentifier>{67DA6AB6-F800-4c08-8B7A-83BB121AAD01}</UniqueIdentifier>
      <Extensions>rc;ico;cur;bmp;dlg;rc2;rct;bin;rgs;gif;jpg;jpeg;jpe;resx;tiff;tif;png;wav;mfcribbon-ms</Extensions>
    </Filter>
    <Filter Include="Source Files\database">
      <UniqueIdentifier>{ef3c76de-0f5d-4dfd-be91-e9dbbd0e67e5}</UniqueIdentifier>
    </Filter>
    <Filter Include="Source Files\utils">
      <UniqueIdentifier>{6edef70d-d640-447d-9752-68528c448376}</UniqueIdentifier>
    </Filter>
    <Filter Include="Source Files\VideoPlayer">
      <UniqueIdentifier>{ddd610ef-a438-4e5a-9e66-d16d0c5520d9}</UniqueIdentifier>
    </Filter>
    <Filter Include="Source Files\WndControl">
      <UniqueIdentifier>{42d64097-32ba-4763-b3c5-f88fc5ac8697}</UniqueIdentifier>
    </Filter>
    <Filter Include="Source Files\WndControl\Shortcut">
      <UniqueIdentifier>{03fbbf8e-8c39-45da-86fc-e318f25b4e58}</UniqueIdentifier>
    </Filter>
    <Filter Include="Source Files\WndControl\Wine">
      <UniqueIdentifier>{6eddff32-f0e9-48fe-bac8-cdaf8c7b658a}</UniqueIdentifier>
    </Filter>
  </ItemGroup>
  <ItemGroup>
    <ClCompile Include="src\VideoPlayer\VideoPlayerInerface.cpp">
      <Filter>Source Files\VideoPlayer</Filter>
    </ClCompile>
    <ClCompile Include="src\database\database_helper.cpp">
      <Filter>Source Files\database</Filter>
    </ClCompile>
    <ClCompile Include="src\Utils\ImageUtils.cpp">
      <Filter>Source Files\utils</Filter>
    </ClCompile>
    <ClCompile Include="src\VideoPlayer\WODPlayer.cpp">
      <Filter>Source Files\VideoPlayer</Filter>
    </ClCompile>
    <ClCompile Include="src\VideoPlayer\ExternalPlayer.cpp">
      <Filter>Source Files\VideoPlayer</Filter>
    </ClCompile>
    <ClCompile Include="src\WndControl\SeekBar.cpp">
      <Filter>Source Files\WndControl</Filter>
    </ClCompile>
    <ClCompile Include="src\WODMenus.cpp">
      <Filter>Source Files</Filter>
    </ClCompile>
    <ClCompile Include="src\WndControl\PopupMenu.cpp">
      <Filter>Source Files\WndControl</Filter>
    </ClCompile>
    <ClCompile Include="src\Utils\ProfileStd.cpp">
      <Filter>Source Files\utils</Filter>
    </ClCompile>
    <ClCompile Include="src\WndControl\Shortcut\WODShortcut.cpp">
      <Filter>Source Files\WndControl\Shortcut</Filter>
    </ClCompile>
    <ClCompile Include="src\WODApplication.cpp">
      <Filter>Source Files</Filter>
    </ClCompile>
    <ClCompile Include="src\WODMain.cpp">
      <Filter>Source Files</Filter>
    </ClCompile>
  </ItemGroup>
  <ItemGroup>
    <ClInclude Include="src\VideoPlayer\VideoPlayerInerface.h">
      <Filter>Source Files\VideoPlayer</Filter>
    </ClInclude>
    <ClInclude Include="src\database\database_helper.h">
      <Filter>Source Files\database</Filter>
    </ClInclude>
    <ClInclude Include="src\database\sqlite3.h">
      <Filter>Source Files\database</Filter>
    </ClInclude>
    <ClInclude Include="src\Utils\WindowUtils.h">
      <Filter>Source Files\utils</Filter>
    </ClInclude>
    <ClInclude Include="src\VideoPlayer\WODPlayer.h">
      <Filter>Source Files\VideoPlayer</Filter>
    </ClInclude>
    <ClInclude Include="src\VideoPlayer\ExternalPlayer.h">
      <Filter>Source Files\VideoPlayer</Filter>
    </ClInclude>
    <ClInclude Include="src\database\bookmark.h">
      <Filter>Source Files\database</Filter>
    </ClInclude>
    <ClInclude Include="src\WndControl\SeekBar.h">
      <Filter>Source Files\WndControl</Filter>
    </ClInclude>
    <ClInclude Include="src\WODMenus.h">
      <Filter>Source Files</Filter>
    </ClInclude>
    <ClInclude Include="src\WODMenuID.h">
      <Filter>Source Files</Filter>
    </ClInclude>
    <ClInclude Include="src\WndControl\PopupMenu.h">
      <Filter>Source Files\WndControl</Filter>
    </ClInclude>
    <ClInclude Include="src\Utils\ProfileStd.h">
      <Filter>Source Files\utils</Filter>
    </ClInclude>
    <ClInclude Include="src\WndControl\Shortcut\virtual_keys.h">
      <Filter>Source Files\WndControl\Shortcut</Filter>
    </ClInclude>
    <ClInclude Include="src\resource.h">
      <Filter>Source Files</Filter>
    </ClInclude>
    <ClInclude Include="src\targetver.h">
      <Filter>Source Files</Filter>
    </ClInclude>
    <ClInclude Include="src\WODApplication.h">
      <Filter>Source Files</Filter>
    </ClInclude>
    <ClInclude Include="src\pch.h">
      <Filter>Source Files</Filter>
    </ClInclude>
  </ItemGroup>
  <ItemGroup>
    <Image Include="..\demo\res\icons.bmp">
      <Filter>Resource Files</Filter>
    </Image>
    <Image Include="res\play.ico">
      <Filter>Resource Files</Filter>
    </Image>
    <Image Include="res\folder.ico">
      <Filter>Resource Files</Filter>
    </Image>
    <Image Include="res\nxt.ico">
      <Filter>Resource Files</Filter>
    </Image>
    <Image Include="res\prev.ico">
      <Filter>Resource Files</Filter>
    </Image>
    <Image Include="res\stop.ico">
      <Filter>Resource Files</Filter>
    </Image>
    <Image Include="res\pause.ico">
      <Filter>Resource Files</Filter>
    </Image>
  </ItemGroup>
  <ItemGroup>
    <ResourceCompile Include="src\WOD.rc">
      <Filter>Source Files</Filter>
    </ResourceCompile>
  </ItemGroup>
</Project>